
Microsoft Visual Studio Solution File, Format Version 12.00
# Visual Studio Version 16
VisualStudioVersion = 16.0.31424.327
MinimumVisualStudioVersion = 10.0.40219.1
Project("{FAE04EC0-301F-11D3-BF4B-00C04F79EFBC}") = "NewsletterAppMVC", "NewsletterAppMVC.csproj", "{67EF011B-3172-4F27-9E64-B0A830B9E573}"
EndProject
Global
	GlobalSection(SolutionConfigurationPlatforms) = preSolution
		Debug|Any CPU = Debug|Any CPU
		Release|Any CPU = Release|Any CPU
	EndGlobalSection
	GlobalSection(ProjectConfigurationPlatforms) = postSolution
		{67EF011B-3172-4F27-9E64-B0A830B9E573}.Debug|Any CPU.ActiveCfg = Debug|Any CPU
		{67EF011B-3172-4F27-9E64-B0A830B9E573}.Debug|Any CPU.Build.0 = Debug|Any CPU
		{67EF011B-3172-4F27-9E64-B0A830B9E573}.Release|Any CPU.ActiveCfg = Release|Any CPU
		{67EF011B-3172-4F27-9E64-B0A830B9E573}.Release|Any CPU.Build.0 = Release|Any CPU
	EndGlobalSection
	GlobalSection(SolutionProperties) = preSolution
		HideSolutionNode = FALSE
	EndGlobalSection
	GlobalSection(ExtensibilityGlobals) = postSolution
		SolutionGuid = {DC99ADAB-823F-4400-9BE3-56E58F33A04F}
	EndGlobalSection
EndGlobal
